
Microsoft Visual Studio Solution File, Format Version 12.00
# Visual Studio Version 17
VisualStudioVersion = 17.8.34322.80
MinimumVisualStudioVersion = 10.0.40219.1
Project("{FAE04EC0-301F-11D3-BF4B-00C04F79EFBC}") = "GestorTareas", "GestorTareas.csproj", "{69574E6D-BF24-4E7A-ADC0-03DB64934F66}"
EndProject
Global
	GlobalSection(SolutionConfigurationPlatforms) = preSolution
		Debug|Any CPU = Debug|Any CPU
		Release|Any CPU = Release|Any CPU
	EndGlobalSection
	GlobalSection(ProjectConfigurationPlatforms) = postSolution
		{69574E6D-BF24-4E7A-ADC0-03DB64934F66}.Debug|Any CPU.ActiveCfg = Debug|Any CPU
		{69574E6D-BF24-4E7A-ADC0-03DB64934F66}.Debug|Any CPU.Build.0 = Debug|Any CPU
		{69574E6D-BF24-4E7A-ADC0-03DB64934F66}.Release|Any CPU.ActiveCfg = Release|Any CPU
		{69574E6D-BF24-4E7A-ADC0-03DB64934F66}.Release|Any CPU.Build.0 = Release|Any CPU
	EndGlobalSection
	GlobalSection(SolutionProperties) = preSolution
		HideSolutionNode = FALSE
	EndGlobalSection
	GlobalSection(ExtensibilityGlobals) = postSolution
		SolutionGuid = {2F0D3A47-B96C-47B8-A230-3243176A1C18}
	EndGlobalSection
EndGlobal
